
Microsoft Visual Studio Solution File, Format Version 12.00
# Visual Studio Version 17
VisualStudioVersion = 17.8.34316.72
MinimumVisualStudioVersion = 10.0.40219.1
Project("{FAE04EC0-301F-11D3-BF4B-00C04F79EFBC}") = "SOLIDPrinciple", "SOLIDPrinciple.csproj", "{04C1652C-1728-450D-BC0D-20A3FC3C9CFC}"
EndProject
Global
	GlobalSection(SolutionConfigurationPlatforms) = preSolution
		Debug|Any CPU = Debug|Any CPU
		Release|Any CPU = Release|Any CPU
	EndGlobalSection
	GlobalSection(ProjectConfigurationPlatforms) = postSolution
		{04C1652C-1728-450D-BC0D-20A3FC3C9CFC}.Debug|Any CPU.ActiveCfg = Debug|Any CPU
		{04C1652C-1728-450D-BC0D-20A3FC3C9CFC}.Debug|Any CPU.Build.0 = Debug|Any CPU
		{04C1652C-1728-450D-BC0D-20A3FC3C9CFC}.Release|Any CPU.ActiveCfg = Release|Any CPU
		{04C1652C-1728-450D-BC0D-20A3FC3C9CFC}.Release|Any CPU.Build.0 = Release|Any CPU
	EndGlobalSection
	GlobalSection(SolutionProperties) = preSolution
		HideSolutionNode = FALSE
	EndGlobalSection
	GlobalSection(ExtensibilityGlobals) = postSolution
		SolutionGuid = {EA838249-A56A-429A-A045-B542783D6558}
	EndGlobalSection
EndGlobal
